{
  "name": "typed-firestore",
  "version": "0.0.1",
  "lockfileVersion": 1,
  "requires": true,
  "dependencies": {
    "@firebase/app-types": {
      "version": "0.4.9",
      "resolved": "https://registry.npmjs.org/@firebase/app-types/-/app-types-0.4.9.tgz",
      "integrity": "sha512-RoUkYVd5X106sFGX+rHVDGrtfZBRugMtT9Cx8YiXtLSqouhi0S+Sx1TVuK6Gkt7lJ27I8qlz/nBvNa0yjg3N7w=="
    },
    "@firebase/firestore-types": {
      "version": "1.8.1",
      "resolved": "https://registry.npmjs.org/@firebase/firestore-types/-/firestore-types-1.8.1.tgz",
      "integrity": "sha512-BAap8Oao47/oiJY00nhUFNuUdPVuvvD4vtQby88icLsuCgUy0Wrds54dmXyRFuQWGu8oOEFGpH8v1AomQx+zyg=="
    },
    "typescript": {
      "version": "3.7.3",
      "resolved": "https://registry.npmjs.org/typescript/-/typescript-3.7.3.tgz",
      "integrity": "sha512-Mcr/Qk7hXqFBXMN7p7Lusj1ktCBydylfQM/FZCk5glCNQJrCUKPkMHdo9R0MTFWsC/4kPFvDS0fDPvukfCkFsw==",
      "dev": true
    }
  }
}
