{
  "name": "typed-firestore",
  "version": "1.0.1",
  "lockfileVersion": 1,
  "requires": true,
  "dependencies": {
    "@firebase/app-types": {
      "version": "0.5.2",
      "resolved": "https://registry.npmjs.org/@firebase/app-types/-/app-types-0.5.2.tgz",
      "integrity": "sha512-k3zRi9gXyWrymu8OL6DA1Pz7eo+sKVBopX5ouOjQwozAZ55WhelifPC99WHmLWo8sAokNM0XDyzM7loOA5yliQ=="
    },
    "@firebase/firestore-types": {
      "version": "1.10.0",
      "resolved": "https://registry.npmjs.org/@firebase/firestore-types/-/firestore-types-1.10.0.tgz",
      "integrity": "sha512-/Pvmu5hpc0pceB96X2mEOAdEB0Xyn6+IQliBl7dUhu23AztnjBq+9uKcsgMB+k34RCApFQfNm1m24E4e+fUSVg=="
    },
    "typescript": {
      "version": "3.8.2",
      "resolved": "https://registry.npmjs.org/typescript/-/typescript-3.8.2.tgz",
      "integrity": "sha512-EgOVgL/4xfVrCMbhYKUQTdF37SQn4Iw73H5BgCrF1Abdun7Kwy/QZsE/ssAy0y4LxBbvua3PIbFsbRczWWnDdQ==",
      "dev": true
    }
  }
}
