{
  "name": "typed-firestore",
  "version": "1.0.2",
  "lockfileVersion": 1,
  "requires": true,
  "dependencies": {
    "@firebase/app-types": {
      "version": "0.6.0",
      "resolved": "https://registry.npmjs.org/@firebase/app-types/-/app-types-0.6.0.tgz",
      "integrity": "sha512-ld6rzjXk/SUauHiQZJkeuSJpxIZ5wdnWuF5fWBFQNPaxsaJ9kyYg9GqEvwZ1z2e6JP5cU9gwRBlfW1WkGtGDYA=="
    },
    "@firebase/firestore-types": {
      "version": "1.10.1",
      "resolved": "https://registry.npmjs.org/@firebase/firestore-types/-/firestore-types-1.10.1.tgz",
      "integrity": "sha512-vyKdm+AYUFT8XeUX62IOqaqPFCs/mAMoSEsqIz9HnSVsqCw/IocNjtjSa+3M80kRw4V8fI7JI+Xz6Wg5VJXLqA=="
    },
    "typescript": {
      "version": "3.9.3",
      "resolved": "https://registry.npmjs.org/typescript/-/typescript-3.9.3.tgz",
      "integrity": "sha512-D/wqnB2xzNFIcoBG9FG8cXRDjiqSTbG2wd8DMZeQyJlP1vfTkIxH4GKveWaEBYySKIg+USu+E+EDIR47SqnaMQ==",
      "dev": true
    }
  }
}
